
Microsoft Visual Studio Solution File, Format Version 12.00
# Visual Studio 2012
Project("{FAE04EC0-301F-11D3-BF4B-00C04F79EFBC}") = "Inception", "Inception\Inception.csproj", "{D0538FE2-5408-4ABE-8319-4B893B381E7C}"
EndProject
Global
	GlobalSection(SolutionConfigurationPlatforms) = preSolution
		Debug|Any CPU = Debug|Any CPU
		Release|Any CPU = Release|Any CPU
	EndGlobalSection
	GlobalSection(ProjectConfigurationPlatforms) = postSolution
		{D0538FE2-5408-4ABE-8319-4B893B381E7C}.Debug|Any CPU.ActiveCfg = Debug|Any CPU
		{D0538FE2-5408-4ABE-8319-4B893B381E7C}.Debug|Any CPU.Build.0 = Debug|Any CPU
		{D0538FE2-5408-4ABE-8319-4B893B381E7C}.Release|Any CPU.ActiveCfg = Release|Any CPU
		{D0538FE2-5408-4ABE-8319-4B893B381E7C}.Release|Any CPU.Build.0 = Release|Any CPU
	EndGlobalSection
	GlobalSection(SolutionProperties) = preSolution
		HideSolutionNode = FALSE
	EndGlobalSection
EndGlobal
